# This file is automatically @generated by Cargo.
# It is not intended for manual editing.
version = 4

[[package]]
name = "fr-backtest"
version = "0.1.0"
dependencies = [
 "fr-core",
 "fr-execution",
 "fr-portfolio",
]

[[package]]
name = "fr-cli"
version = "0.1.0"
dependencies = [
 "fr-backtest",
 "fr-core",
 "fr-data",
 "fr-execution",
 "fr-factors",
 "fr-io",
 "fr-portfolio",
 "fr-stats",
]

[[package]]
name = "fr-core"
version = "0.1.0"

[[package]]
name = "fr-data"
version = "0.1.0"
dependencies = [
 "fr-core",
]

[[package]]
name = "fr-execution"
version = "0.1.0"
dependencies = [
 "fr-core",
]

[[package]]
name = "fr-factors"
version = "0.1.0"
dependencies = [
 "fr-core",
 "fr-data",
]

[[package]]
name = "fr-io"
version = "0.1.0"
dependencies = [
 "fr-core",
]

[[package]]
name = "fr-portfolio"
version = "0.1.0"
dependencies = [
 "fr-core",
 "fr-stats",
]

[[package]]
name = "fr-stats"
version = "0.1.0"
dependencies = [
 "fr-core",
]
